
Microsoft Visual Studio Solution File, Format Version 12.00
# Visual Studio Version 17
VisualStudioVersion = 17.0.31903.59
MinimumVisualStudioVersion = 10.0.40219.1
Project("{FAE04EC0-301F-11D3-BF4B-00C04F79EFBC}") = "prueba.api", "prueba.api\prueba.api.csproj", "{9F5A6315-181F-4C38-8C52-27B2C2F2E162}"
EndProject
Project("{FAE04EC0-301F-11D3-BF4B-00C04F79EFBC}") = "Prueba.Domain", "Prueba.Domain\Prueba.Domain.csproj", "{2FB5A7CB-C6DF-4D17-9100-EE17ABDE9D1F}"
EndProject
Project("{FAE04EC0-301F-11D3-BF4B-00C04F79EFBC}") = "Prueba.Application", "Prueba.Application\Prueba.Application.csproj", "{8B155B02-55C4-4462-9FC7-D0E5A1C6BD53}"
EndProject
Project("{FAE04EC0-301F-11D3-BF4B-00C04F79EFBC}") = "Prueba.Infrastructure", "Prueba.Infrastructure\Prueba.Infrastructure.csproj", "{98278E6C-2856-4F41-8C94-53649BF37EDC}"
EndProject
Global
	GlobalSection(SolutionConfigurationPlatforms) = preSolution
		Debug|Any CPU = Debug|Any CPU
		Debug|x64 = Debug|x64
		Debug|x86 = Debug|x86
		Release|Any CPU = Release|Any CPU
		Release|x64 = Release|x64
		Release|x86 = Release|x86
	EndGlobalSection
	GlobalSection(ProjectConfigurationPlatforms) = postSolution
		{9F5A6315-181F-4C38-8C52-27B2C2F2E162}.Debug|Any CPU.ActiveCfg = Debug|Any CPU
		{9F5A6315-181F-4C38-8C52-27B2C2F2E162}.Debug|Any CPU.Build.0 = Debug|Any CPU
		{9F5A6315-181F-4C38-8C52-27B2C2F2E162}.Debug|x64.ActiveCfg = Debug|Any CPU
		{9F5A6315-181F-4C38-8C52-27B2C2F2E162}.Debug|x64.Build.0 = Debug|Any CPU
		{9F5A6315-181F-4C38-8C52-27B2C2F2E162}.Debug|x86.ActiveCfg = Debug|Any CPU
		{9F5A6315-181F-4C38-8C52-27B2C2F2E162}.Debug|x86.Build.0 = Debug|Any CPU
		{9F5A6315-181F-4C38-8C52-27B2C2F2E162}.Release|Any CPU.ActiveCfg = Release|Any CPU
		{9F5A6315-181F-4C38-8C52-27B2C2F2E162}.Release|Any CPU.Build.0 = Release|Any CPU
		{9F5A6315-181F-4C38-8C52-27B2C2F2E162}.Release|x64.ActiveCfg = Release|Any CPU
		{9F5A6315-181F-4C38-8C52-27B2C2F2E162}.Release|x64.Build.0 = Release|Any CPU
		{9F5A6315-181F-4C38-8C52-27B2C2F2E162}.Release|x86.ActiveCfg = Release|Any CPU
		{9F5A6315-181F-4C38-8C52-27B2C2F2E162}.Release|x86.Build.0 = Release|Any CPU
		{2FB5A7CB-C6DF-4D17-9100-EE17ABDE9D1F}.Debug|Any CPU.ActiveCfg = Debug|Any CPU
		{2FB5A7CB-C6DF-4D17-9100-EE17ABDE9D1F}.Debug|Any CPU.Build.0 = Debug|Any CPU
		{2FB5A7CB-C6DF-4D17-9100-EE17ABDE9D1F}.Debug|x64.ActiveCfg = Debug|Any CPU
		{2FB5A7CB-C6DF-4D17-9100-EE17ABDE9D1F}.Debug|x64.Build.0 = Debug|Any CPU
		{2FB5A7CB-C6DF-4D17-9100-EE17ABDE9D1F}.Debug|x86.ActiveCfg = Debug|Any CPU
		{2FB5A7CB-C6DF-4D17-9100-EE17ABDE9D1F}.Debug|x86.Build.0 = Debug|Any CPU
		{2FB5A7CB-C6DF-4D17-9100-EE17ABDE9D1F}.Release|Any CPU.ActiveCfg = Release|Any CPU
		{2FB5A7CB-C6DF-4D17-9100-EE17ABDE9D1F}.Release|Any CPU.Build.0 = Release|Any CPU
		{2FB5A7CB-C6DF-4D17-9100-EE17ABDE9D1F}.Release|x64.ActiveCfg = Release|Any CPU
		{2FB5A7CB-C6DF-4D17-9100-EE17ABDE9D1F}.Release|x64.Build.0 = Release|Any CPU
		{2FB5A7CB-C6DF-4D17-9100-EE17ABDE9D1F}.Release|x86.ActiveCfg = Release|Any CPU
		{2FB5A7CB-C6DF-4D17-9100-EE17ABDE9D1F}.Release|x86.Build.0 = Release|Any CPU
		{8B155B02-55C4-4462-9FC7-D0E5A1C6BD53}.Debug|Any CPU.ActiveCfg = Debug|Any CPU
		{8B155B02-55C4-4462-9FC7-D0E5A1C6BD53}.Debug|Any CPU.Build.0 = Debug|Any CPU
		{8B155B02-55C4-4462-9FC7-D0E5A1C6BD53}.Debug|x64.ActiveCfg = Debug|Any CPU
		{8B155B02-55C4-4462-9FC7-D0E5A1C6BD53}.Debug|x64.Build.0 = Debug|Any CPU
		{8B155B02-55C4-4462-9FC7-D0E5A1C6BD53}.Debug|x86.ActiveCfg = Debug|Any CPU
		{8B155B02-55C4-4462-9FC7-D0E5A1C6BD53}.Debug|x86.Build.0 = Debug|Any CPU
		{8B155B02-55C4-4462-9FC7-D0E5A1C6BD53}.Release|Any CPU.ActiveCfg = Release|Any CPU
		{8B155B02-55C4-4462-9FC7-D0E5A1C6BD53}.Release|Any CPU.Build.0 = Release|Any CPU
		{8B155B02-55C4-4462-9FC7-D0E5A1C6BD53}.Release|x64.ActiveCfg = Release|Any CPU
		{8B155B02-55C4-4462-9FC7-D0E5A1C6BD53}.Release|x64.Build.0 = Release|Any CPU
		{8B155B02-55C4-4462-9FC7-D0E5A1C6BD53}.Release|x86.ActiveCfg = Release|Any CPU
		{8B155B02-55C4-4462-9FC7-D0E5A1C6BD53}.Release|x86.Build.0 = Release|Any CPU
		{98278E6C-2856-4F41-8C94-53649BF37EDC}.Debug|Any CPU.ActiveCfg = Debug|Any CPU
		{98278E6C-2856-4F41-8C94-53649BF37EDC}.Debug|Any CPU.Build.0 = Debug|Any CPU
		{98278E6C-2856-4F41-8C94-53649BF37EDC}.Debug|x64.ActiveCfg = Debug|Any CPU
		{98278E6C-2856-4F41-8C94-53649BF37EDC}.Debug|x64.Build.0 = Debug|Any CPU
		{98278E6C-2856-4F41-8C94-53649BF37EDC}.Debug|x86.ActiveCfg = Debug|Any CPU
		{98278E6C-2856-4F41-8C94-53649BF37EDC}.Debug|x86.Build.0 = Debug|Any CPU
		{98278E6C-2856-4F41-8C94-53649BF37EDC}.Release|Any CPU.ActiveCfg = Release|Any CPU
		{98278E6C-2856-4F41-8C94-53649BF37EDC}.Release|Any CPU.Build.0 = Release|Any CPU
		{98278E6C-2856-4F41-8C94-53649BF37EDC}.Release|x64.ActiveCfg = Release|Any CPU
		{98278E6C-2856-4F41-8C94-53649BF37EDC}.Release|x64.Build.0 = Release|Any CPU
		{98278E6C-2856-4F41-8C94-53649BF37EDC}.Release|x86.ActiveCfg = Release|Any CPU
		{98278E6C-2856-4F41-8C94-53649BF37EDC}.Release|x86.Build.0 = Release|Any CPU
	EndGlobalSection
	GlobalSection(SolutionProperties) = preSolution
		HideSolutionNode = FALSE
	EndGlobalSection
EndGlobal
